
Microsoft Visual Studio Solution File, Format Version 12.00
# Visual Studio Version 17
VisualStudioVersion = 17.1.32407.343
MinimumVisualStudioVersion = 10.0.40219.1
Project("{FAE04EC0-301F-11D3-BF4B-00C04F79EFBC}") = "LetsPet2", "LetsPet2\LetsPet2.csproj", "{DC8F8814-A06F-4229-A2A3-B5FCFE599578}"
EndProject
Global
	GlobalSection(SolutionConfigurationPlatforms) = preSolution
		Debug|Any CPU = Debug|Any CPU
		Release|Any CPU = Release|Any CPU
	EndGlobalSection
	GlobalSection(ProjectConfigurationPlatforms) = postSolution
		{DC8F8814-A06F-4229-A2A3-B5FCFE599578}.Debug|Any CPU.ActiveCfg = Debug|Any CPU
		{DC8F8814-A06F-4229-A2A3-B5FCFE599578}.Debug|Any CPU.Build.0 = Debug|Any CPU
		{DC8F8814-A06F-4229-A2A3-B5FCFE599578}.Release|Any CPU.ActiveCfg = Release|Any CPU
		{DC8F8814-A06F-4229-A2A3-B5FCFE599578}.Release|Any CPU.Build.0 = Release|Any CPU
	EndGlobalSection
	GlobalSection(SolutionProperties) = preSolution
		HideSolutionNode = FALSE
	EndGlobalSection
	GlobalSection(ExtensibilityGlobals) = postSolution
		SolutionGuid = {402D7DB6-C4F7-4850-8BE8-F57980A9127C}
	EndGlobalSection
EndGlobal
